
Microsoft Visual Studio Solution File, Format Version 12.00
# Visual Studio Version 17
VisualStudioVersion = 17.5.33502.453
MinimumVisualStudioVersion = 10.0.40219.1
Project("{FAE04EC0-301F-11D3-BF4B-00C04F79EFBC}") = "FirstMvc", "FirstMvc\FirstMvc.csproj", "{5AFC3D79-4AE1-41FA-ADF1-0EC8FEAB43B0}"
EndProject
Global
	GlobalSection(SolutionConfigurationPlatforms) = preSolution
		Debug|Any CPU = Debug|Any CPU
		Release|Any CPU = Release|Any CPU
	EndGlobalSection
	GlobalSection(ProjectConfigurationPlatforms) = postSolution
		{5AFC3D79-4AE1-41FA-ADF1-0EC8FEAB43B0}.Debug|Any CPU.ActiveCfg = Debug|Any CPU
		{5AFC3D79-4AE1-41FA-ADF1-0EC8FEAB43B0}.Debug|Any CPU.Build.0 = Debug|Any CPU
		{5AFC3D79-4AE1-41FA-ADF1-0EC8FEAB43B0}.Release|Any CPU.ActiveCfg = Release|Any CPU
		{5AFC3D79-4AE1-41FA-ADF1-0EC8FEAB43B0}.Release|Any CPU.Build.0 = Release|Any CPU
	EndGlobalSection
	GlobalSection(SolutionProperties) = preSolution
		HideSolutionNode = FALSE
	EndGlobalSection
	GlobalSection(ExtensibilityGlobals) = postSolution
		SolutionGuid = {A28A831D-2CCA-4229-9C89-EC4AF9BB56E5}
	EndGlobalSection
EndGlobal
